<?xml version="1.0" encoding="utf-8"?>
<Project ToolsVersion="4.0" xmlns="http://schemas.microsoft.com/developer/msbuild/2003">
  <ItemGroup>
    <Filter Include="Source Files">
      <UniqueIdentifier>{4FC737F1-C7A5-4376-A066-2A32D752A2FF}</UniqueIdentifier>
      <Extensions>cpp;c;cc;cxx;def;odl;idl;hpj;bat;asm;asmx</Extensions>
    </Filter>
    <Filter Include="Header Files">
      <UniqueIdentifier>{93995380-89BD-4b04-88EB-625FBE52EBFB}</UniqueIdentifier>
      <Extensions>h;hh;hpp;hxx;hm;inl;inc;xsd</Extensions>
    </Filter>
    <Filter Include="Resource Files">
      <UniqueIdentifier>{67DA6AB6-F800-4c08-8B7A-83BB121AAD01}</UniqueIdentifier>
      <Extensions>rc;ico;cur;bmp;dlg;rc2;rct;bin;rgs;gif;jpg;jpeg;jpe;resx;tiff;tif;png;wav;mfcribbon-ms</Extensions>
    </Filter>
  </ItemGroup>
  <ItemGroup>
    <ClCompile Include="code\main.cpp">
      <Filter>Source Files</Filter>
    </ClCompile>
    <ClCompile Include="code\lucuma\utils\linear_allocator.cpp">
      <Filter>Source Files</Filter>
    </ClCompile>
    <ClCompile Include="code\lucuma\utils\backend\win32\win32_page_allocator.cpp">
      <Filter>Source Files</Filter>
    </ClCompile>
    <ClCompile Include="code\lucuma\backend\win32\win32_input.cpp">
      <Filter>Source Files</Filter>
    </ClCompile>
    <ClCompile Include="code\lucuma\math.cpp">
      <Filter>Source Files</Filter>
    </ClCompile>
    <ClCompile Include="code\lucuma\backend\win32\win32_debug.cpp">
      <Filter>Source Files</Filter>
    </ClCompile>
    <ClCompile Include="code\lucuma\backend\win32\win32_file.cpp">
      <Filter>Source Files</Filter>
    </ClCompile>
    <ClCompile Include="code\lucuma\renderer\mesh.cpp">
      <Filter>Source Files</Filter>
    </ClCompile>
    <ClCompile Include="code\lucuma\utils\loaders\obj_loader.cpp">
      <Filter>Source Files</Filter>
    </ClCompile>
    <ClCompile Include="code\lucuma\utils\imgui\imgui\imgui.cpp">
      <Filter>Source Files</Filter>
    </ClCompile>
    <ClCompile Include="code\lucuma\utils\imgui\imgui\imgui_draw.cpp">
      <Filter>Source Files</Filter>
    </ClCompile>
    <ClCompile Include="code\lucuma\utils\imgui\imgui\imgui_widgets.cpp">
      <Filter>Source Files</Filter>
    </ClCompile>
    <ClCompile Include="code\lucuma\utils\imgui\imgui_renderer.cpp">
      <Filter>Source Files</Filter>
    </ClCompile>
    <ClCompile Include="code\lucuma\renderer\backend\d3d11\resources\d3d11_backend.cpp">
      <Filter>Source Files</Filter>
    </ClCompile>
    <ClCompile Include="code\lucuma\renderer\backend\d3d11\resources\d3d11_buffer.cpp">
      <Filter>Source Files</Filter>
    </ClCompile>
    <ClCompile Include="code\lucuma\renderer\backend\d3d11\resources\d3d11_command_list.cpp">
      <Filter>Source Files</Filter>
    </ClCompile>
    <ClCompile Include="code\lucuma\renderer\backend\d3d11\resources\d3d11_depth_stencil_target.cpp">
      <Filter>Source Files</Filter>
    </ClCompile>
    <ClCompile Include="code\lucuma\renderer\backend\d3d11\resources\d3d11_render_target.cpp">
      <Filter>Source Files</Filter>
    </ClCompile>
    <ClCompile Include="code\lucuma\renderer\backend\d3d11\resources\d3d11_renderer.cpp">
      <Filter>Source Files</Filter>
    </ClCompile>
    <ClCompile Include="code\lucuma\renderer\backend\d3d11\resources\d3d11_shader.cpp">
      <Filter>Source Files</Filter>
    </ClCompile>
    <ClCompile Include="code\lucuma\renderer\backend\d3d11\resources\d3d11_texture.cpp">
      <Filter>Source Files</Filter>
    </ClCompile>
    <ClCompile Include="code\lucuma\renderer\backend\d3d11\resources\d3d11_unordered_access_view.cpp">
      <Filter>Source Files</Filter>
    </ClCompile>
    <ClCompile Include="code\lucuma\renderer\backend\d3d11\states\d3d11_blend_state.cpp">
      <Filter>Source Files</Filter>
    </ClCompile>
    <ClCompile Include="code\lucuma\renderer\backend\d3d11\states\d3d11_depth_stencil_state.cpp">
      <Filter>Source Files</Filter>
    </ClCompile>
    <ClCompile Include="code\lucuma\renderer\backend\d3d11\states\d3d11_rasterizer_state.cpp">
      <Filter>Source Files</Filter>
    </ClCompile>
    <ClCompile Include="code\lucuma\renderer\backend\d3d11\states\d3d11_sampler_state.cpp">
      <Filter>Source Files</Filter>
    </ClCompile>
    <ClCompile Include="code\lucuma\renderer\backend\d3d11\resources\d3d11_shader_resource_view.cpp">
      <Filter>Source Files</Filter>
    </ClCompile>
  </ItemGroup>
  <ItemGroup>
    <ClInclude Include="code\lucuma\math.h">
      <Filter>Header Files</Filter>
    </ClInclude>
    <ClInclude Include="code\lucuma\types.h">
      <Filter>Header Files</Filter>
    </ClInclude>
    <ClInclude Include="code\lucuma\utils\array.h">
      <Filter>Header Files</Filter>
    </ClInclude>
    <ClInclude Include="code\lucuma\renderer.h">
      <Filter>Header Files</Filter>
    </ClInclude>
    <ClInclude Include="code\lucuma\renderer\resources\buffer.h">
      <Filter>Header Files</Filter>
    </ClInclude>
    <ClInclude Include="code\lucuma\renderer\resources\depth_stencil_target.h">
      <Filter>Header Files</Filter>
    </ClInclude>
    <ClInclude Include="code\lucuma\renderer\resources\format.h">
      <Filter>Header Files</Filter>
    </ClInclude>
    <ClInclude Include="code\lucuma\renderer\resources\render_target.h">
      <Filter>Header Files</Filter>
    </ClInclude>
    <ClInclude Include="code\lucuma\renderer\resources\shader.h">
      <Filter>Header Files</Filter>
    </ClInclude>
    <ClInclude Include="code\lucuma\renderer\resources\texture.h">
      <Filter>Header Files</Filter>
    </ClInclude>
    <ClInclude Include="code\lucuma\renderer\renderer.h">
      <Filter>Header Files</Filter>
    </ClInclude>
    <ClInclude Include="code\lucuma\renderer\mesh.h">
      <Filter>Header Files</Filter>
    </ClInclude>
    <ClInclude Include="code\lucuma\renderer\resources\command_list.h">
      <Filter>Header Files</Filter>
    </ClInclude>
    <ClInclude Include="code\lucuma\renderer\resources\unordered_access_view.h">
      <Filter>Header Files</Filter>
    </ClInclude>
    <ClInclude Include="code\lucuma\utils\allocator.h">
      <Filter>Header Files</Filter>
    </ClInclude>
    <ClInclude Include="code\lucuma\utils\linear_allocator.h">
      <Filter>Header Files</Filter>
    </ClInclude>
    <ClInclude Include="code\lucuma\utils\macros.h">
      <Filter>Header Files</Filter>
    </ClInclude>
    <ClInclude Include="code\lucuma\platform.h">
      <Filter>Header Files</Filter>
    </ClInclude>
    <ClInclude Include="code\lucuma\utils\page_allocator.h">
      <Filter>Header Files</Filter>
    </ClInclude>
    <ClInclude Include="code\lucuma\input.h">
      <Filter>Header Files</Filter>
    </ClInclude>
    <ClInclude Include="code\lucuma\debug.h">
      <Filter>Header Files</Filter>
    </ClInclude>
    <ClInclude Include="code\lucuma\utils\loaders\objpar.h">
      <Filter>Header Files</Filter>
    </ClInclude>
    <ClInclude Include="code\lucuma\utils\loaders\obj_loader.h">
      <Filter>Header Files</Filter>
    </ClInclude>
    <ClInclude Include="code\lucuma\file.h">
      <Filter>Header Files</Filter>
    </ClInclude>
    <ClInclude Include="code\lucuma\utils\imgui\imgui\imconfig.h">
      <Filter>Header Files</Filter>
    </ClInclude>
    <ClInclude Include="code\lucuma\utils\imgui\imgui\imgui.h">
      <Filter>Header Files</Filter>
    </ClInclude>
    <ClInclude Include="code\lucuma\utils\imgui\imgui\imgui_internal.h">
      <Filter>Header Files</Filter>
    </ClInclude>
    <ClInclude Include="code\lucuma\utils\imgui\imgui\imstb_rectpack.h">
      <Filter>Header Files</Filter>
    </ClInclude>
    <ClInclude Include="code\lucuma\utils\imgui\imgui\imstb_textedit.h">
      <Filter>Header Files</Filter>
    </ClInclude>
    <ClInclude Include="code\lucuma\utils\imgui\imgui\imstb_truetype.h">
      <Filter>Header Files</Filter>
    </ClInclude>
    <ClInclude Include="code\demo1.h">
      <Filter>Header Files</Filter>
    </ClInclude>
    <ClInclude Include="code\demo2.h">
      <Filter>Header Files</Filter>
    </ClInclude>
    <ClInclude Include="code\lucuma\renderer\render_pass.h">
      <Filter>Header Files</Filter>
    </ClInclude>
    <ClInclude Include="code\lucuma\utils\imgui\imgui_renderer.h">
      <Filter>Header Files</Filter>
    </ClInclude>
    <ClInclude Include="code\lucuma\renderer\states\blend_state.h">
      <Filter>Header Files</Filter>
    </ClInclude>
    <ClInclude Include="code\lucuma\renderer\states\depth_stencil_state.h">
      <Filter>Header Files</Filter>
    </ClInclude>
    <ClInclude Include="code\lucuma\renderer\states\rasterizer_state.h">
      <Filter>Header Files</Filter>
    </ClInclude>
    <ClInclude Include="code\lucuma\renderer\states\sampler_state.h">
      <Filter>Header Files</Filter>
    </ClInclude>
    <ClInclude Include="code\demo3.h">
      <Filter>Header Files</Filter>
    </ClInclude>
    <ClInclude Include="code\lucuma\lucuma.h">
      <Filter>Header Files</Filter>
    </ClInclude>
    <ClInclude Include="code\lucuma\renderer\resources\shader_resource_view.h">
      <Filter>Header Files</Filter>
    </ClInclude>
  </ItemGroup>
  <ItemGroup>
    <None Include="code\lucuma\utils\imgui\shaders\hlsl\dear_imgui.hlsl" />
    <None Include="code\shaders\hlsl\common.hlsl" />
    <None Include="code\shaders\hlsl\default.hlsl" />
    <None Include="code\shaders\hlsl\fullscreen.hlsl" />
    <None Include="code\shaders\hlsl\voxelization.hlsl" />
    <None Include="code\shaders\hlsl\compute.hlsl" />
    <None Include="code\shaders\hlsl\quad.hlsl" />
  </ItemGroup>
</Project>